// !$*UTF8*$!
{
	archiveVersion = 1;
	classes = {
	};
	objectVersion = 50;
	objects = {

/* Begin PBXBuildFile section */
		845BC32383B4F4B8D6524D87 /* libPods-XPaste.a in Frameworks */ = {isa = PBXBuildFile; fileRef = 627B308E895F385C20911A02 /* libPods-XPaste.a */; };
		9C0B0BC1216C7A11001650F9 /* Foundation.framework in Frameworks */ = {isa = PBXBuildFile; fileRef = 9C0B0BC0216C7A11001650F9 /* Foundation.framework */; };
		9C20DFCE218C7BAC004F9944 /* RTJSONCommand.m in Sources */ = {isa = PBXBuildFile; fileRef = 9C20DFCD218C7BAC004F9944 /* RTJSONCommand.m */; };
		9C20DFD7218C7E99004F9944 /* RTObjCLiteral.m in Sources */ = {isa = PBXBuildFile; fileRef = 9C20DFD6218C7E99004F9944 /* RTObjCLiteral.m */; };
		9C329D6A216B74FF0016C867 /* AppDelegate.m in Sources */ = {isa = PBXBuildFile; fileRef = 9C329D69216B74FF0016C867 /* AppDelegate.m */; };
		9C329D6D216B74FF0016C867 /* ViewController.m in Sources */ = {isa = PBXBuildFile; fileRef = 9C329D6C216B74FF0016C867 /* ViewController.m */; };
		9C329D6F216B75000016C867 /* Assets.xcassets in Resources */ = {isa = PBXBuildFile; fileRef = 9C329D6E216B75000016C867 /* Assets.xcassets */; };
		9C329D72216B75000016C867 /* Main.storyboard in Resources */ = {isa = PBXBuildFile; fileRef = 9C329D70216B75000016C867 /* Main.storyboard */; };
		9C329D75216B75000016C867 /* main.m in Sources */ = {isa = PBXBuildFile; fileRef = 9C329D74216B75000016C867 /* main.m */; };
		9C329D83216B752C0016C867 /* Cocoa.framework in Frameworks */ = {isa = PBXBuildFile; fileRef = 9C329D82216B752C0016C867 /* Cocoa.framework */; };
		9C329D87216B752C0016C867 /* SourceEditorExtension.m in Sources */ = {isa = PBXBuildFile; fileRef = 9C329D86216B752C0016C867 /* SourceEditorExtension.m */; };
		9C329D8F216B752C0016C867 /* XPaste.appex in Embed App Extensions */ = {isa = PBXBuildFile; fileRef = 9C329D80216B752C0016C867 /* XPaste.appex */; settings = {ATTRIBUTES = (RemoveHeadersOnCopy, ); }; };
		9C329D96216B76650016C867 /* RTBase64Command.m in Sources */ = {isa = PBXBuildFile; fileRef = 9C329D95216B76650016C867 /* RTBase64Command.m */; };
		9C7C2D7321885901003B2E4C /* RTUrlEncodedCommand.m in Sources */ = {isa = PBXBuildFile; fileRef = 9C7C2D7221885900003B2E4C /* RTUrlEncodedCommand.m */; };
		9CE0C357216C89CB00548233 /* RTUtilities.m in Sources */ = {isa = PBXBuildFile; fileRef = 9CE0C356216C89CB00548233 /* RTUtilities.m */; };
		9CE0C360216CBCC100548233 /* RTBaseCommand.m in Sources */ = {isa = PBXBuildFile; fileRef = 9CE0C35F216CBCC100548233 /* RTBaseCommand.m */; };
		9CE0C363216CC27B00548233 /* RTStringCommand.m in Sources */ = {isa = PBXBuildFile; fileRef = 9CE0C362216CC27B00548233 /* RTStringCommand.m */; };
		9CE0C366216CC99700548233 /* RTUnicodeCommand.m in Sources */ = {isa = PBXBuildFile; fileRef = 9CE0C365216CC99700548233 /* RTUnicodeCommand.m */; };
		9CE0C368216D9D5300548233 /* Preference.scpt in Resources */ = {isa = PBXBuildFile; fileRef = 9CE0C367216D9D5300548233 /* Preference.scpt */; };
		9CFB591727C8D92F00B28881 /* Cocoa.framework in Frameworks */ = {isa = PBXBuildFile; fileRef = 9C329D82216B752C0016C867 /* Cocoa.framework */; };
		9CFB591C27C8D92F00B28881 /* SourceEditorExtension.m in Sources */ = {isa = PBXBuildFile; fileRef = 9CFB591B27C8D92F00B28881 /* SourceEditorExtension.m */; };
		9CFB591F27C8D92F00B28881 /* SourceEditorCommand.m in Sources */ = {isa = PBXBuildFile; fileRef = 9CFB591E27C8D92F00B28881 /* SourceEditorCommand.m */; };
		9CFB592427C8D92F00B28881 /* XSort.appex in Embed App Extensions */ = {isa = PBXBuildFile; fileRef = 9CFB591627C8D92F00B28881 /* XSort.appex */; settings = {ATTRIBUTES = (RemoveHeadersOnCopy, ); }; };
		9CFB592827C8DD4100B28881 /* XcodeKit.framework in Frameworks */ = {isa = PBXBuildFile; fileRef = 9C0B0BBE216C79FC001650F9 /* XcodeKit.framework */; };
		9CFB592927C8DD4100B28881 /* XcodeKit.framework in Embed Frameworks */ = {isa = PBXBuildFile; fileRef = 9C0B0BBE216C79FC001650F9 /* XcodeKit.framework */; settings = {ATTRIBUTES = (CodeSignOnCopy, RemoveHeadersOnCopy, ); }; };
		9CFBE251279ECAF300B28881 /* XcodeKit.framework in Frameworks */ = {isa = PBXBuildFile; fileRef = 9C0B0BBE216C79FC001650F9 /* XcodeKit.framework */; };
		9CFBE252279ECAF300B28881 /* XcodeKit.framework in Embed Frameworks */ = {isa = PBXBuildFile; fileRef = 9C0B0BBE216C79FC001650F9 /* XcodeKit.framework */; settings = {ATTRIBUTES = (CodeSignOnCopy, RemoveHeadersOnCopy, ); }; };
		D1AB5BC5263ECCF2D5FC56A6 /* libPods-XPasteExtension.a in Frameworks */ = {isa = PBXBuildFile; fileRef = 48764265491CC811647D063C /* libPods-XPasteExtension.a */; };
/* End PBXBuildFile section */

/* Begin PBXContainerItemProxy section */
		9C329D8D216B752C0016C867 /* PBXContainerItemProxy */ = {
			isa = PBXContainerItemProxy;
			containerPortal = 9C329D5D216B74FF0016C867 /* Project object */;
			proxyType = 1;
			remoteGlobalIDString = 9C329D7F216B752C0016C867;
			remoteInfo = XPasteExtension;
		};
		9CFB592227C8D92F00B28881 /* PBXContainerItemProxy */ = {
			isa = PBXContainerItemProxy;
			containerPortal = 9C329D5D216B74FF0016C867 /* Project object */;
			proxyType = 1;
			remoteGlobalIDString = 9CFB591527C8D92F00B28881;
			remoteInfo = XSortExtension;
		};
/* End PBXContainerItemProxy section */

/* Begin PBXCopyFilesBuildPhase section */
		9C329D93216B752C0016C867 /* Embed App Extensions */ = {
			isa = PBXCopyFilesBuildPhase;
			buildActionMask = 2147483647;
			dstPath = "";
			dstSubfolderSpec = 13;
			files = (
				9C329D8F216B752C0016C867 /* XPaste.appex in Embed App Extensions */,
				9CFB592427C8D92F00B28881 /* XSort.appex in Embed App Extensions */,
			);
			name = "Embed App Extensions";
			runOnlyForDeploymentPostprocessing = 0;
		};
		9CFB592A27C8DD4100B28881 /* Embed Frameworks */ = {
			isa = PBXCopyFilesBuildPhase;
			buildActionMask = 2147483647;
			dstPath = "";
			dstSubfolderSpec = 10;
			files = (
				9CFB592927C8DD4100B28881 /* XcodeKit.framework in Embed Frameworks */,
			);
			name = "Embed Frameworks";
			runOnlyForDeploymentPostprocessing = 0;
		};
		9CFBE253279ECAF300B28881 /* Embed Frameworks */ = {
			isa = PBXCopyFilesBuildPhase;
			buildActionMask = 2147483647;
			dstPath = "";
			dstSubfolderSpec = 10;
			files = (
				9CFBE252279ECAF300B28881 /* XcodeKit.framework in Embed Frameworks */,
			);
			name = "Embed Frameworks";
			runOnlyForDeploymentPostprocessing = 0;
		};
/* End PBXCopyFilesBuildPhase section */

/* Begin PBXFileReference section */
		0B9252680C34969B24418D0F /* Pods-XPaste.debug.xcconfig */ = {isa = PBXFileReference; includeInIndex = 1; lastKnownFileType = text.xcconfig; name = "Pods-XPaste.debug.xcconfig"; path = "Pods/Target Support Files/Pods-XPaste/Pods-XPaste.debug.xcconfig"; sourceTree = "<group>"; };
		10459028759C0A4A83AAE112 /* Pods-XPasteExtension.debug.xcconfig */ = {isa = PBXFileReference; includeInIndex = 1; lastKnownFileType = text.xcconfig; name = "Pods-XPasteExtension.debug.xcconfig"; path = "Pods/Target Support Files/Pods-XPasteExtension/Pods-XPasteExtension.debug.xcconfig"; sourceTree = "<group>"; };
		48764265491CC811647D063C /* libPods-XPasteExtension.a */ = {isa = PBXFileReference; explicitFileType = archive.ar; includeInIndex = 0; path = "libPods-XPasteExtension.a"; sourceTree = BUILT_PRODUCTS_DIR; };
		627B308E895F385C20911A02 /* libPods-XPaste.a */ = {isa = PBXFileReference; explicitFileType = archive.ar; includeInIndex = 0; path = "libPods-XPaste.a"; sourceTree = BUILT_PRODUCTS_DIR; };
		817645E5962239AA5BEF562A /* Pods-XPaste.release.xcconfig */ = {isa = PBXFileReference; includeInIndex = 1; lastKnownFileType = text.xcconfig; name = "Pods-XPaste.release.xcconfig"; path = "Pods/Target Support Files/Pods-XPaste/Pods-XPaste.release.xcconfig"; sourceTree = "<group>"; };
		9C0B0BBE216C79FC001650F9 /* XcodeKit.framework */ = {isa = PBXFileReference; lastKnownFileType = wrapper.framework; name = XcodeKit.framework; path = Library/Frameworks/XcodeKit.framework; sourceTree = DEVELOPER_DIR; };
		9C0B0BC0216C7A11001650F9 /* Foundation.framework */ = {isa = PBXFileReference; lastKnownFileType = wrapper.framework; name = Foundation.framework; path = System/Library/Frameworks/Foundation.framework; sourceTree = SDKROOT; };
		9C20DFCC218C7BAC004F9944 /* RTJSONCommand.h */ = {isa = PBXFileReference; lastKnownFileType = sourcecode.c.h; path = RTJSONCommand.h; sourceTree = "<group>"; };
		9C20DFCD218C7BAC004F9944 /* RTJSONCommand.m */ = {isa = PBXFileReference; lastKnownFileType = sourcecode.c.objc; path = RTJSONCommand.m; sourceTree = "<group>"; };
		9C20DFD2218C7E13004F9944 /* RTObjCLiteral.h */ = {isa = PBXFileReference; lastKnownFileType = sourcecode.c.h; path = RTObjCLiteral.h; sourceTree = "<group>"; };
		9C20DFD6218C7E99004F9944 /* RTObjCLiteral.m */ = {isa = PBXFileReference; lastKnownFileType = sourcecode.c.objc; path = RTObjCLiteral.m; sourceTree = "<group>"; };
		9C329D65216B74FF0016C867 /* XPaste.app */ = {isa = PBXFileReference; explicitFileType = wrapper.application; includeInIndex = 0; path = XPaste.app; sourceTree = BUILT_PRODUCTS_DIR; };
		9C329D68216B74FF0016C867 /* AppDelegate.h */ = {isa = PBXFileReference; lastKnownFileType = sourcecode.c.h; path = AppDelegate.h; sourceTree = "<group>"; };
		9C329D69216B74FF0016C867 /* AppDelegate.m */ = {isa = PBXFileReference; lastKnownFileType = sourcecode.c.objc; path = AppDelegate.m; sourceTree = "<group>"; };
		9C329D6B216B74FF0016C867 /* ViewController.h */ = {isa = PBXFileReference; lastKnownFileType = sourcecode.c.h; path = ViewController.h; sourceTree = "<group>"; };
		9C329D6C216B74FF0016C867 /* ViewController.m */ = {isa = PBXFileReference; lastKnownFileType = sourcecode.c.objc; path = ViewController.m; sourceTree = "<group>"; };
		9C329D6E216B75000016C867 /* Assets.xcassets */ = {isa = PBXFileReference; lastKnownFileType = folder.assetcatalog; path = Assets.xcassets; sourceTree = "<group>"; };
		9C329D71216B75000016C867 /* Base */ = {isa = PBXFileReference; lastKnownFileType = file.storyboard; name = Base; path = Base.lproj/Main.storyboard; sourceTree = "<group>"; };
		9C329D73216B75000016C867 /* Info.plist */ = {isa = PBXFileReference; lastKnownFileType = text.plist.xml; path = Info.plist; sourceTree = "<group>"; };
		9C329D74216B75000016C867 /* main.m */ = {isa = PBXFileReference; lastKnownFileType = sourcecode.c.objc; path = main.m; sourceTree = "<group>"; };
		9C329D76216B75000016C867 /* XPaste.entitlements */ = {isa = PBXFileReference; lastKnownFileType = text.plist.entitlements; path = XPaste.entitlements; sourceTree = "<group>"; };
		9C329D80216B752C0016C867 /* XPaste.appex */ = {isa = PBXFileReference; explicitFileType = "wrapper.app-extension"; includeInIndex = 0; path = XPaste.appex; sourceTree = BUILT_PRODUCTS_DIR; };
		9C329D82216B752C0016C867 /* Cocoa.framework */ = {isa = PBXFileReference; lastKnownFileType = wrapper.framework; name = Cocoa.framework; path = System/Library/Frameworks/Cocoa.framework; sourceTree = SDKROOT; };
		9C329D85216B752C0016C867 /* SourceEditorExtension.h */ = {isa = PBXFileReference; lastKnownFileType = sourcecode.c.h; path = SourceEditorExtension.h; sourceTree = "<group>"; };
		9C329D86216B752C0016C867 /* SourceEditorExtension.m */ = {isa = PBXFileReference; lastKnownFileType = sourcecode.c.objc; path = SourceEditorExtension.m; sourceTree = "<group>"; };
		9C329D8B216B752C0016C867 /* Info.plist */ = {isa = PBXFileReference; lastKnownFileType = text.plist.xml; path = Info.plist; sourceTree = "<group>"; };
		9C329D8C216B752C0016C867 /* XPasteExtension.entitlements */ = {isa = PBXFileReference; lastKnownFileType = text.plist.entitlements; path = XPasteExtension.entitlements; sourceTree = "<group>"; };
		9C329D94216B76650016C867 /* RTBase64Command.h */ = {isa = PBXFileReference; lastKnownFileType = sourcecode.c.h; path = RTBase64Command.h; sourceTree = "<group>"; };
		9C329D95216B76650016C867 /* RTBase64Command.m */ = {isa = PBXFileReference; lastKnownFileType = sourcecode.c.objc; path = RTBase64Command.m; sourceTree = "<group>"; };
		9C7C2D7121885900003B2E4C /* RTUrlEncodedCommand.h */ = {isa = PBXFileReference; lastKnownFileType = sourcecode.c.h; path = RTUrlEncodedCommand.h; sourceTree = "<group>"; };
		9C7C2D7221885900003B2E4C /* RTUrlEncodedCommand.m */ = {isa = PBXFileReference; lastKnownFileType = sourcecode.c.objc; path = RTUrlEncodedCommand.m; sourceTree = "<group>"; };
		9CE0C355216C89CB00548233 /* RTUtilities.h */ = {isa = PBXFileReference; lastKnownFileType = sourcecode.c.h; path = RTUtilities.h; sourceTree = "<group>"; };
		9CE0C356216C89CB00548233 /* RTUtilities.m */ = {isa = PBXFileReference; lastKnownFileType = sourcecode.c.objc; path = RTUtilities.m; sourceTree = "<group>"; };
		9CE0C35E216CBCC100548233 /* RTBaseCommand.h */ = {isa = PBXFileReference; lastKnownFileType = sourcecode.c.h; path = RTBaseCommand.h; sourceTree = "<group>"; };
		9CE0C35F216CBCC100548233 /* RTBaseCommand.m */ = {isa = PBXFileReference; lastKnownFileType = sourcecode.c.objc; path = RTBaseCommand.m; sourceTree = "<group>"; };
		9CE0C361216CC27B00548233 /* RTStringCommand.h */ = {isa = PBXFileReference; lastKnownFileType = sourcecode.c.h; path = RTStringCommand.h; sourceTree = "<group>"; };
		9CE0C362216CC27B00548233 /* RTStringCommand.m */ = {isa = PBXFileReference; lastKnownFileType = sourcecode.c.objc; path = RTStringCommand.m; sourceTree = "<group>"; };
		9CE0C364216CC99700548233 /* RTUnicodeCommand.h */ = {isa = PBXFileReference; lastKnownFileType = sourcecode.c.h; path = RTUnicodeCommand.h; sourceTree = "<group>"; };
		9CE0C365216CC99700548233 /* RTUnicodeCommand.m */ = {isa = PBXFileReference; lastKnownFileType = sourcecode.c.objc; path = RTUnicodeCommand.m; sourceTree = "<group>"; };
		9CE0C367216D9D5300548233 /* Preference.scpt */ = {isa = PBXFileReference; lastKnownFileType = text; path = Preference.scpt; sourceTree = "<group>"; };
		9CFB591627C8D92F00B28881 /* XSort.appex */ = {isa = PBXFileReference; explicitFileType = "wrapper.app-extension"; includeInIndex = 0; path = XSort.appex; sourceTree = BUILT_PRODUCTS_DIR; };
		9CFB591A27C8D92F00B28881 /* SourceEditorExtension.h */ = {isa = PBXFileReference; lastKnownFileType = sourcecode.c.h; path = SourceEditorExtension.h; sourceTree = "<group>"; };
		9CFB591B27C8D92F00B28881 /* SourceEditorExtension.m */ = {isa = PBXFileReference; lastKnownFileType = sourcecode.c.objc; path = SourceEditorExtension.m; sourceTree = "<group>"; };
		9CFB591D27C8D92F00B28881 /* SourceEditorCommand.h */ = {isa = PBXFileReference; lastKnownFileType = sourcecode.c.h; path = SourceEditorCommand.h; sourceTree = "<group>"; };
		9CFB591E27C8D92F00B28881 /* SourceEditorCommand.m */ = {isa = PBXFileReference; lastKnownFileType = sourcecode.c.objc; path = SourceEditorCommand.m; sourceTree = "<group>"; };
		9CFB592027C8D92F00B28881 /* Info.plist */ = {isa = PBXFileReference; lastKnownFileType = text.plist.xml; path = Info.plist; sourceTree = "<group>"; };
		9CFB592127C8D92F00B28881 /* XSortExtension.entitlements */ = {isa = PBXFileReference; lastKnownFileType = text.plist.entitlements; path = XSortExtension.entitlements; sourceTree = "<group>"; };
		F62C291D6CD890BEB8FD19EF /* Pods-XPasteExtension.release.xcconfig */ = {isa = PBXFileReference; includeInIndex = 1; lastKnownFileType = text.xcconfig; name = "Pods-XPasteExtension.release.xcconfig"; path = "Pods/Target Support Files/Pods-XPasteExtension/Pods-XPasteExtension.release.xcconfig"; sourceTree = "<group>"; };
/* End PBXFileReference section */

/* Begin PBXFrameworksBuildPhase section */
		9C329D62216B74FF0016C867 /* Frameworks */ = {
			isa = PBXFrameworksBuildPhase;
			buildActionMask = 2147483647;
			files = (
				845BC32383B4F4B8D6524D87 /* libPods-XPaste.a in Frameworks */,
			);
			runOnlyForDeploymentPostprocessing = 0;
		};
		9C329D7D216B752C0016C867 /* Frameworks */ = {
			isa = PBXFrameworksBuildPhase;
			buildActionMask = 2147483647;
			files = (
				9C0B0BC1216C7A11001650F9 /* Foundation.framework in Frameworks */,
				9CFBE251279ECAF300B28881 /* XcodeKit.framework in Frameworks */,
				9C329D83216B752C0016C867 /* Cocoa.framework in Frameworks */,
				D1AB5BC5263ECCF2D5FC56A6 /* libPods-XPasteExtension.a in Frameworks */,
			);
			runOnlyForDeploymentPostprocessing = 0;
		};
		9CFB591327C8D92F00B28881 /* Frameworks */ = {
			isa = PBXFrameworksBuildPhase;
			buildActionMask = 2147483647;
			files = (
				9CFB591727C8D92F00B28881 /* Cocoa.framework in Frameworks */,
				9CFB592827C8DD4100B28881 /* XcodeKit.framework in Frameworks */,
			);
			runOnlyForDeploymentPostprocessing = 0;
		};
/* End PBXFrameworksBuildPhase section */

/* Begin PBXGroup section */
		9C329D5C216B74FF0016C867 = {
			isa = PBXGroup;
			children = (
				9C329D67216B74FF0016C867 /* XPaste */,
				9C329D84216B752C0016C867 /* XPasteExtension */,
				9CFB591927C8D92F00B28881 /* XSortExtension */,
				9C329D81216B752C0016C867 /* Frameworks */,
				9C329D66216B74FF0016C867 /* Products */,
				B278BDCE276D1CCF31DFFB0B /* Pods */,
			);
			sourceTree = "<group>";
		};
		9C329D66216B74FF0016C867 /* Products */ = {
			isa = PBXGroup;
			children = (
				9C329D65216B74FF0016C867 /* XPaste.app */,
				9C329D80216B752C0016C867 /* XPaste.appex */,
				9CFB591627C8D92F00B28881 /* XSort.appex */,
			);
			name = Products;
			sourceTree = "<group>";
		};
		9C329D67216B74FF0016C867 /* XPaste */ = {
			isa = PBXGroup;
			children = (
				9C329D68216B74FF0016C867 /* AppDelegate.h */,
				9C329D69216B74FF0016C867 /* AppDelegate.m */,
				9C329D6E216B75000016C867 /* Assets.xcassets */,
				9C329D73216B75000016C867 /* Info.plist */,
				9C329D74216B75000016C867 /* main.m */,
				9C329D70216B75000016C867 /* Main.storyboard */,
				9CE0C367216D9D5300548233 /* Preference.scpt */,
				9C329D6B216B74FF0016C867 /* ViewController.h */,
				9C329D6C216B74FF0016C867 /* ViewController.m */,
				9C329D76216B75000016C867 /* XPaste.entitlements */,
			);
			path = XPaste;
			sourceTree = "<group>";
		};
		9C329D81216B752C0016C867 /* Frameworks */ = {
			isa = PBXGroup;
			children = (
				9C0B0BC0216C7A11001650F9 /* Foundation.framework */,
				9C0B0BBE216C79FC001650F9 /* XcodeKit.framework */,
				9C329D82216B752C0016C867 /* Cocoa.framework */,
				48764265491CC811647D063C /* libPods-XPasteExtension.a */,
				627B308E895F385C20911A02 /* libPods-XPaste.a */,
			);
			name = Frameworks;
			sourceTree = "<group>";
		};
		9C329D84216B752C0016C867 /* XPasteExtension */ = {
			isa = PBXGroup;
			children = (
				9C329D8B216B752C0016C867 /* Info.plist */,
				9C329D94216B76650016C867 /* RTBase64Command.h */,
				9C329D95216B76650016C867 /* RTBase64Command.m */,
				9CE0C35E216CBCC100548233 /* RTBaseCommand.h */,
				9CE0C35F216CBCC100548233 /* RTBaseCommand.m */,
				9C20DFCC218C7BAC004F9944 /* RTJSONCommand.h */,
				9C20DFCD218C7BAC004F9944 /* RTJSONCommand.m */,
				9C20DFD2218C7E13004F9944 /* RTObjCLiteral.h */,
				9C20DFD6218C7E99004F9944 /* RTObjCLiteral.m */,
				9CE0C361216CC27B00548233 /* RTStringCommand.h */,
				9CE0C362216CC27B00548233 /* RTStringCommand.m */,
				9CE0C364216CC99700548233 /* RTUnicodeCommand.h */,
				9CE0C365216CC99700548233 /* RTUnicodeCommand.m */,
				9C7C2D7121885900003B2E4C /* RTUrlEncodedCommand.h */,
				9C7C2D7221885900003B2E4C /* RTUrlEncodedCommand.m */,
				9CE0C355216C89CB00548233 /* RTUtilities.h */,
				9CE0C356216C89CB00548233 /* RTUtilities.m */,
				9C329D85216B752C0016C867 /* SourceEditorExtension.h */,
				9C329D86216B752C0016C867 /* SourceEditorExtension.m */,
				9C329D8C216B752C0016C867 /* XPasteExtension.entitlements */,
			);
			path = XPasteExtension;
			sourceTree = "<group>";
		};
		9CFB591927C8D92F00B28881 /* XSortExtension */ = {
			isa = PBXGroup;
			children = (
				9CFB591A27C8D92F00B28881 /* SourceEditorExtension.h */,
				9CFB591B27C8D92F00B28881 /* SourceEditorExtension.m */,
				9CFB591D27C8D92F00B28881 /* SourceEditorCommand.h */,
				9CFB591E27C8D92F00B28881 /* SourceEditorCommand.m */,
				9CFB592027C8D92F00B28881 /* Info.plist */,
				9CFB592127C8D92F00B28881 /* XSortExtension.entitlements */,
			);
			path = XSortExtension;
			sourceTree = "<group>";
		};
		B278BDCE276D1CCF31DFFB0B /* Pods */ = {
			isa = PBXGroup;
			children = (
				0B9252680C34969B24418D0F /* Pods-XPaste.debug.xcconfig */,
				817645E5962239AA5BEF562A /* Pods-XPaste.release.xcconfig */,
				10459028759C0A4A83AAE112 /* Pods-XPasteExtension.debug.xcconfig */,
				F62C291D6CD890BEB8FD19EF /* Pods-XPasteExtension.release.xcconfig */,
			);
			name = Pods;
			sourceTree = "<group>";
		};
/* End PBXGroup section */

/* Begin PBXNativeTarget section */
		9C329D64216B74FF0016C867 /* XPaste */ = {
			isa = PBXNativeTarget;
			buildConfigurationList = 9C329D79216B75000016C867 /* Build configuration list for PBXNativeTarget "XPaste" */;
			buildPhases = (
				E237E20324B72154E3D31A2F /* [CP] Check Pods Manifest.lock */,
				9C329D61216B74FF0016C867 /* Sources */,
				9C329D62216B74FF0016C867 /* Frameworks */,
				9C329D63216B74FF0016C867 /* Resources */,
				9C329D93216B752C0016C867 /* Embed App Extensions */,
			);
			buildRules = (
			);
			dependencies = (
				9C329D8E216B752C0016C867 /* PBXTargetDependency */,
				9CFB592327C8D92F00B28881 /* PBXTargetDependency */,
			);
			name = XPaste;
			productName = XPaste;
			productReference = 9C329D65216B74FF0016C867 /* XPaste.app */;
			productType = "com.apple.product-type.application";
		};
		9C329D7F216B752C0016C867 /* XPasteExtension */ = {
			isa = PBXNativeTarget;
			buildConfigurationList = 9C329D90216B752C0016C867 /* Build configuration list for PBXNativeTarget "XPasteExtension" */;
			buildPhases = (
				6954D49A2A2ECA031FD65D2E /* [CP] Check Pods Manifest.lock */,
				9C329D7C216B752C0016C867 /* Sources */,
				9C329D7D216B752C0016C867 /* Frameworks */,
				9C329D7E216B752C0016C867 /* Resources */,
				9CFBE253279ECAF300B28881 /* Embed Frameworks */,
			);
			buildRules = (
			);
			dependencies = (
			);
			name = XPasteExtension;
			productName = XPasteExtension;
			productReference = 9C329D80216B752C0016C867 /* XPaste.appex */;
			productType = "com.apple.product-type.xcode-extension";
		};
		9CFB591527C8D92F00B28881 /* XSortExtension */ = {
			isa = PBXNativeTarget;
			buildConfigurationList = 9CFB592727C8D92F00B28881 /* Build configuration list for PBXNativeTarget "XSortExtension" */;
			buildPhases = (
				9CFB591227C8D92F00B28881 /* Sources */,
				9CFB591327C8D92F00B28881 /* Frameworks */,
				9CFB591427C8D92F00B28881 /* Resources */,
				9CFB592A27C8DD4100B28881 /* Embed Frameworks */,
			);
			buildRules = (
			);
			dependencies = (
			);
			name = XSortExtension;
			productName = XSortExtension;
			productReference = 9CFB591627C8D92F00B28881 /* XSort.appex */;
			productType = "com.apple.product-type.xcode-extension";
		};
/* End PBXNativeTarget section */

/* Begin PBXProject section */
		9C329D5D216B74FF0016C867 /* Project object */ = {
			isa = PBXProject;
			attributes = {
				CLASSPREFIX = RT;
				LastUpgradeCheck = 1000;
				ORGANIZATIONNAME = XcoderTips;
				TargetAttributes = {
					9C329D64216B74FF0016C867 = {
						CreatedOnToolsVersion = 10.0;
						SystemCapabilities = {
							com.apple.ApplicationGroups.Mac = {
								enabled = 1;
							};
							com.apple.Sandbox = {
								enabled = 0;
							};
						};
					};
					9C329D7F216B752C0016C867 = {
						CreatedOnToolsVersion = 10.0;
						SystemCapabilities = {
							com.apple.ApplicationGroups.Mac = {
								enabled = 1;
							};
							com.apple.Sandbox = {
								enabled = 1;
							};
						};
					};
					9CFB591527C8D92F00B28881 = {
						CreatedOnToolsVersion = 13.2.1;
					};
				};
			};
			buildConfigurationList = 9C329D60216B74FF0016C867 /* Build configuration list for PBXProject "XPaste" */;
			compatibilityVersion = "Xcode 9.3";
			developmentRegion = en;
			hasScannedForEncodings = 0;
			knownRegions = (
				en,
				Base,
			);
			mainGroup = 9C329D5C216B74FF0016C867;
			productRefGroup = 9C329D66216B74FF0016C867 /* Products */;
			projectDirPath = "";
			projectRoot = "";
			targets = (
				9C329D64216B74FF0016C867 /* XPaste */,
				9C329D7F216B752C0016C867 /* XPasteExtension */,
				9CFB591527C8D92F00B28881 /* XSortExtension */,
			);
		};
/* End PBXProject section */

/* Begin PBXResourcesBuildPhase section */
		9C329D63216B74FF0016C867 /* Resources */ = {
			isa = PBXResourcesBuildPhase;
			buildActionMask = 2147483647;
			files = (
				9C329D6F216B75000016C867 /* Assets.xcassets in Resources */,
				9CE0C368216D9D5300548233 /* Preference.scpt in Resources */,
				9C329D72216B75000016C867 /* Main.storyboard in Resources */,
			);
			runOnlyForDeploymentPostprocessing = 0;
		};
		9C329D7E216B752C0016C867 /* Resources */ = {
			isa = PBXResourcesBuildPhase;
			buildActionMask = 2147483647;
			files = (
			);
			runOnlyForDeploymentPostprocessing = 0;
		};
		9CFB591427C8D92F00B28881 /* Resources */ = {
			isa = PBXResourcesBuildPhase;
			buildActionMask = 2147483647;
			files = (
			);
			runOnlyForDeploymentPostprocessing = 0;
		};
/* End PBXResourcesBuildPhase section */

/* Begin PBXShellScriptBuildPhase section */
		6954D49A2A2ECA031FD65D2E /* [CP] Check Pods Manifest.lock */ = {
			isa = PBXShellScriptBuildPhase;
			buildActionMask = 2147483647;
			files = (
			);
			inputFileListPaths = (
			);
			inputPaths = (
				"${PODS_PODFILE_DIR_PATH}/Podfile.lock",
				"${PODS_ROOT}/Manifest.lock",
			);
			name = "[CP] Check Pods Manifest.lock";
			outputFileListPaths = (
			);
			outputPaths = (
				"$(DERIVED_FILE_DIR)/Pods-XPasteExtension-checkManifestLockResult.txt",
			);
			runOnlyForDeploymentPostprocessing = 0;
			shellPath = /bin/sh;
			shellScript = "diff \"${PODS_PODFILE_DIR_PATH}/Podfile.lock\" \"${PODS_ROOT}/Manifest.lock\" > /dev/null\nif [ $? != 0 ] ; then\n    # print error to STDERR\n    echo \"error: The sandbox is not in sync with the Podfile.lock. Run 'pod install' or update your CocoaPods installation.\" >&2\n    exit 1\nfi\n# This output is used by Xcode 'outputs' to avoid re-running this script phase.\necho \"SUCCESS\" > \"${SCRIPT_OUTPUT_FILE_0}\"\n";
			showEnvVarsInLog = 0;
		};
		E237E20324B72154E3D31A2F /* [CP] Check Pods Manifest.lock */ = {
			isa = PBXShellScriptBuildPhase;
			buildActionMask = 2147483647;
			files = (
			);
			inputFileListPaths = (
			);
			inputPaths = (
				"${PODS_PODFILE_DIR_PATH}/Podfile.lock",
				"${PODS_ROOT}/Manifest.lock",
			);
			name = "[CP] Check Pods Manifest.lock";
			outputFileListPaths = (
			);
			outputPaths = (
				"$(DERIVED_FILE_DIR)/Pods-XPaste-checkManifestLockResult.txt",
			);
			runOnlyForDeploymentPostprocessing = 0;
			shellPath = /bin/sh;
			shellScript = "diff \"${PODS_PODFILE_DIR_PATH}/Podfile.lock\" \"${PODS_ROOT}/Manifest.lock\" > /dev/null\nif [ $? != 0 ] ; then\n    # print error to STDERR\n    echo \"error: The sandbox is not in sync with the Podfile.lock. Run 'pod install' or update your CocoaPods installation.\" >&2\n    exit 1\nfi\n# This output is used by Xcode 'outputs' to avoid re-running this script phase.\necho \"SUCCESS\" > \"${SCRIPT_OUTPUT_FILE_0}\"\n";
			showEnvVarsInLog = 0;
		};
/* End PBXShellScriptBuildPhase section */

/* Begin PBXSourcesBuildPhase section */
		9C329D61216B74FF0016C867 /* Sources */ = {
			isa = PBXSourcesBuildPhase;
			buildActionMask = 2147483647;
			files = (
				9C329D6D216B74FF0016C867 /* ViewController.m in Sources */,
				9C329D75216B75000016C867 /* main.m in Sources */,
				9C329D6A216B74FF0016C867 /* AppDelegate.m in Sources */,
			);
			runOnlyForDeploymentPostprocessing = 0;
		};
		9C329D7C216B752C0016C867 /* Sources */ = {
			isa = PBXSourcesBuildPhase;
			buildActionMask = 2147483647;
			files = (
				9C329D87216B752C0016C867 /* SourceEditorExtension.m in Sources */,
				9C20DFD7218C7E99004F9944 /* RTObjCLiteral.m in Sources */,
				9C20DFCE218C7BAC004F9944 /* RTJSONCommand.m in Sources */,
				9C329D96216B76650016C867 /* RTBase64Command.m in Sources */,
				9CE0C363216CC27B00548233 /* RTStringCommand.m in Sources */,
				9CE0C360216CBCC100548233 /* RTBaseCommand.m in Sources */,
				9CE0C357216C89CB00548233 /* RTUtilities.m in Sources */,
				9C7C2D7321885901003B2E4C /* RTUrlEncodedCommand.m in Sources */,
				9CE0C366216CC99700548233 /* RTUnicodeCommand.m in Sources */,
			);
			runOnlyForDeploymentPostprocessing = 0;
		};
		9CFB591227C8D92F00B28881 /* Sources */ = {
			isa = PBXSourcesBuildPhase;
			buildActionMask = 2147483647;
			files = (
				9CFB591C27C8D92F00B28881 /* SourceEditorExtension.m in Sources */,
				9CFB591F27C8D92F00B28881 /* SourceEditorCommand.m in Sources */,
			);
			runOnlyForDeploymentPostprocessing = 0;
		};
/* End PBXSourcesBuildPhase section */

/* Begin PBXTargetDependency section */
		9C329D8E216B752C0016C867 /* PBXTargetDependency */ = {
			isa = PBXTargetDependency;
			target = 9C329D7F216B752C0016C867 /* XPasteExtension */;
			targetProxy = 9C329D8D216B752C0016C867 /* PBXContainerItemProxy */;
		};
		9CFB592327C8D92F00B28881 /* PBXTargetDependency */ = {
			isa = PBXTargetDependency;
			target = 9CFB591527C8D92F00B28881 /* XSortExtension */;
			targetProxy = 9CFB592227C8D92F00B28881 /* PBXContainerItemProxy */;
		};
/* End PBXTargetDependency section */

/* Begin PBXVariantGroup section */
		9C329D70216B75000016C867 /* Main.storyboard */ = {
			isa = PBXVariantGroup;
			children = (
				9C329D71216B75000016C867 /* Base */,
			);
			name = Main.storyboard;
			sourceTree = "<group>";
		};
/* End PBXVariantGroup section */

/* Begin XCBuildConfiguration section */
		9C329D77216B75000016C867 /* Debug */ = {
			isa = XCBuildConfiguration;
			buildSettings = {
				ALWAYS_SEARCH_USER_PATHS = NO;
				CLANG_ANALYZER_NONNULL = YES;
				CLANG_ANALYZER_NUMBER_OBJECT_CONVERSION = YES_AGGRESSIVE;
				CLANG_CXX_LANGUAGE_STANDARD = "gnu++14";
				CLANG_CXX_LIBRARY = "libc++";
				CLANG_ENABLE_MODULES = YES;
				CLANG_ENABLE_OBJC_ARC = YES;
				CLANG_ENABLE_OBJC_WEAK = YES;
				CLANG_WARN_BLOCK_CAPTURE_AUTORELEASING = YES;
				CLANG_WARN_BOOL_CONVERSION = YES;
				CLANG_WARN_COMMA = YES;
				CLANG_WARN_CONSTANT_CONVERSION = YES;
				CLANG_WARN_DEPRECATED_OBJC_IMPLEMENTATIONS = YES;
				CLANG_WARN_DIRECT_OBJC_ISA_USAGE = YES_ERROR;
				CLANG_WARN_DOCUMENTATION_COMMENTS = YES;
				CLANG_WARN_EMPTY_BODY = YES;
				CLANG_WARN_ENUM_CONVERSION = YES;
				CLANG_WARN_INFINITE_RECURSION = YES;
				CLANG_WARN_INT_CONVERSION = YES;
				CLANG_WARN_NON_LITERAL_NULL_CONVERSION = YES;
				CLANG_WARN_OBJC_IMPLICIT_RETAIN_SELF = YES;
				CLANG_WARN_OBJC_LITERAL_CONVERSION = YES;
				CLANG_WARN_OBJC_ROOT_CLASS = YES_ERROR;
				CLANG_WARN_RANGE_LOOP_ANALYSIS = YES;
				CLANG_WARN_STRICT_PROTOTYPES = YES;
				CLANG_WARN_SUSPICIOUS_MOVE = YES;
				CLANG_WARN_UNGUARDED_AVAILABILITY = YES_AGGRESSIVE;
				CLANG_WARN_UNREACHABLE_CODE = YES;
				CLANG_WARN__DUPLICATE_METHOD_MATCH = YES;
				CODE_SIGN_IDENTITY = "Mac Developer";
				COPY_PHASE_STRIP = NO;
				DEBUG_INFORMATION_FORMAT = dwarf;
				ENABLE_STRICT_OBJC_MSGSEND = YES;
				ENABLE_TESTABILITY = YES;
				GCC_C_LANGUAGE_STANDARD = gnu11;
				GCC_DYNAMIC_NO_PIC = NO;
				GCC_NO_COMMON_BLOCKS = YES;
				GCC_OPTIMIZATION_LEVEL = 0;
				GCC_PREPROCESSOR_DEFINITIONS = (
					"DEBUG=1",
					"$(inherited)",
				);
				GCC_WARN_64_TO_32_BIT_CONVERSION = YES;
				GCC_WARN_ABOUT_RETURN_TYPE = YES_ERROR;
				GCC_WARN_UNDECLARED_SELECTOR = YES;
				GCC_WARN_UNINITIALIZED_AUTOS = YES_AGGRESSIVE;
				GCC_WARN_UNUSED_FUNCTION = YES;
				GCC_WARN_UNUSED_VARIABLE = YES;
				MACOSX_DEPLOYMENT_TARGET = 10.13;
				MTL_ENABLE_DEBUG_INFO = INCLUDE_SOURCE;
				MTL_FAST_MATH = YES;
				ONLY_ACTIVE_ARCH = YES;
				SDKROOT = macosx;
			};
			name = Debug;
		};
		9C329D78216B75000016C867 /* Release */ = {
			isa = XCBuildConfiguration;
			buildSettings = {
				ALWAYS_SEARCH_USER_PATHS = NO;
				CLANG_ANALYZER_NONNULL = YES;
				CLANG_ANALYZER_NUMBER_OBJECT_CONVERSION = YES_AGGRESSIVE;
				CLANG_CXX_LANGUAGE_STANDARD = "gnu++14";
				CLANG_CXX_LIBRARY = "libc++";
				CLANG_ENABLE_MODULES = YES;
				CLANG_ENABLE_OBJC_ARC = YES;
				CLANG_ENABLE_OBJC_WEAK = YES;
				CLANG_WARN_BLOCK_CAPTURE_AUTORELEASING = YES;
				CLANG_WARN_BOOL_CONVERSION = YES;
				CLANG_WARN_COMMA = YES;
				CLANG_WARN_CONSTANT_CONVERSION = YES;
				CLANG_WARN_DEPRECATED_OBJC_IMPLEMENTATIONS = YES;
				CLANG_WARN_DIRECT_OBJC_ISA_USAGE = YES_ERROR;
				CLANG_WARN_DOCUMENTATION_COMMENTS = YES;
				CLANG_WARN_EMPTY_BODY = YES;
				CLANG_WARN_ENUM_CONVERSION = YES;
				CLANG_WARN_INFINITE_RECURSION = YES;
				CLANG_WARN_INT_CONVERSION = YES;
				CLANG_WARN_NON_LITERAL_NULL_CONVERSION = YES;
				CLANG_WARN_OBJC_IMPLICIT_RETAIN_SELF = YES;
				CLANG_WARN_OBJC_LITERAL_CONVERSION = YES;
				CLANG_WARN_OBJC_ROOT_CLASS = YES_ERROR;
				CLANG_WARN_RANGE_LOOP_ANALYSIS = YES;
				CLANG_WARN_STRICT_PROTOTYPES = YES;
				CLANG_WARN_SUSPICIOUS_MOVE = YES;
				CLANG_WARN_UNGUARDED_AVAILABILITY = YES_AGGRESSIVE;
				CLANG_WARN_UNREACHABLE_CODE = YES;
				CLANG_WARN__DUPLICATE_METHOD_MATCH = YES;
				CODE_SIGN_IDENTITY = "Mac Developer";
				COPY_PHASE_STRIP = NO;
				DEBUG_INFORMATION_FORMAT = "dwarf-with-dsym";
				ENABLE_NS_ASSERTIONS = NO;
				ENABLE_STRICT_OBJC_MSGSEND = YES;
				GCC_C_LANGUAGE_STANDARD = gnu11;
				GCC_NO_COMMON_BLOCKS = YES;
				GCC_WARN_64_TO_32_BIT_CONVERSION = YES;
				GCC_WARN_ABOUT_RETURN_TYPE = YES_ERROR;
				GCC_WARN_UNDECLARED_SELECTOR = YES;
				GCC_WARN_UNINITIALIZED_AUTOS = YES_AGGRESSIVE;
				GCC_WARN_UNUSED_FUNCTION = YES;
				GCC_WARN_UNUSED_VARIABLE = YES;
				MACOSX_DEPLOYMENT_TARGET = 10.13;
				MTL_ENABLE_DEBUG_INFO = NO;
				MTL_FAST_MATH = YES;
				SDKROOT = macosx;
			};
			name = Release;
		};
		9C329D7A216B75000016C867 /* Debug */ = {
			isa = XCBuildConfiguration;
			baseConfigurationReference = 0B9252680C34969B24418D0F /* Pods-XPaste.debug.xcconfig */;
			buildSettings = {
				ASSETCATALOG_COMPILER_APPICON_NAME = AppIcon;
				CODE_SIGN_ENTITLEMENTS = XPaste/XPaste.entitlements;
				CODE_SIGN_STYLE = Automatic;
				COMBINE_HIDPI_IMAGES = YES;
				DEVELOPMENT_TEAM = 36X754M3QH;
				INFOPLIST_FILE = XPaste/Info.plist;
				LD_RUNPATH_SEARCH_PATHS = (
					"$(inherited)",
					"@executable_path/../Frameworks",
				);
				PRODUCT_BUNDLE_IDENTIFIER = cn.rickytan.XPaste;
				PRODUCT_NAME = "$(TARGET_NAME)";
			};
			name = Debug;
		};
		9C329D7B216B75000016C867 /* Release */ = {
			isa = XCBuildConfiguration;
			baseConfigurationReference = 817645E5962239AA5BEF562A /* Pods-XPaste.release.xcconfig */;
			buildSettings = {
				ASSETCATALOG_COMPILER_APPICON_NAME = AppIcon;
				CODE_SIGN_ENTITLEMENTS = XPaste/XPaste.entitlements;
				CODE_SIGN_STYLE = Automatic;
				COMBINE_HIDPI_IMAGES = YES;
				DEVELOPMENT_TEAM = 36X754M3QH;
				INFOPLIST_FILE = XPaste/Info.plist;
				LD_RUNPATH_SEARCH_PATHS = (
					"$(inherited)",
					"@executable_path/../Frameworks",
				);
				PRODUCT_BUNDLE_IDENTIFIER = cn.rickytan.XPaste;
				PRODUCT_NAME = "$(TARGET_NAME)";
			};
			name = Release;
		};
		9C329D91216B752C0016C867 /* Debug */ = {
			isa = XCBuildConfiguration;
			baseConfigurationReference = 10459028759C0A4A83AAE112 /* Pods-XPasteExtension.debug.xcconfig */;
			buildSettings = {
				CODE_SIGN_ENTITLEMENTS = XPasteExtension/XPasteExtension.entitlements;
				CODE_SIGN_STYLE = Automatic;
				COMBINE_HIDPI_IMAGES = YES;
				DEVELOPMENT_TEAM = 36X754M3QH;
				INFOPLIST_FILE = XPasteExtension/Info.plist;
				LD_RUNPATH_SEARCH_PATHS = (
					"$(inherited)",
					"@executable_path/../Frameworks",
					"@executable_path/../../../../Frameworks",
				);
				PRODUCT_BUNDLE_IDENTIFIER = cn.rickytan.XPaste.XPasteExtension;
				PRODUCT_NAME = XPaste;
				SKIP_INSTALL = YES;
			};
			name = Debug;
		};
		9C329D92216B752C0016C867 /* Release */ = {
			isa = XCBuildConfiguration;
			baseConfigurationReference = F62C291D6CD890BEB8FD19EF /* Pods-XPasteExtension.release.xcconfig */;
			buildSettings = {
				CODE_SIGN_ENTITLEMENTS = XPasteExtension/XPasteExtension.entitlements;
				CODE_SIGN_STYLE = Automatic;
				COMBINE_HIDPI_IMAGES = YES;
				DEVELOPMENT_TEAM = 36X754M3QH;
				INFOPLIST_FILE = XPasteExtension/Info.plist;
				LD_RUNPATH_SEARCH_PATHS = (
					"$(inherited)",
					"@executable_path/../Frameworks",
					"@executable_path/../../../../Frameworks",
				);
				PRODUCT_BUNDLE_IDENTIFIER = cn.rickytan.XPaste.XPasteExtension;
				PRODUCT_NAME = XPaste;
				SKIP_INSTALL = YES;
			};
			name = Release;
		};
		9CFB592527C8D92F00B28881 /* Debug */ = {
			isa = XCBuildConfiguration;
			buildSettings = {
				CLANG_WARN_QUOTED_INCLUDE_IN_FRAMEWORK_HEADER = YES;
				CODE_SIGN_ENTITLEMENTS = XSortExtension/XSortExtension.entitlements;
				CODE_SIGN_STYLE = Automatic;
				COMBINE_HIDPI_IMAGES = YES;
				CURRENT_PROJECT_VERSION = 1;
				DEVELOPMENT_TEAM = 36X754M3QH;
				INFOPLIST_FILE = XSortExtension/Info.plist;
				INFOPLIST_KEY_CFBundleDisplayName = XSort;
				INFOPLIST_KEY_NSHumanReadableCopyright = "Copyright © 2022 XcoderTips. All rights reserved.";
				LD_RUNPATH_SEARCH_PATHS = (
					"$(inherited)",
					"@executable_path/../Frameworks",
					"@executable_path/../../../../Frameworks",
				);
				MARKETING_VERSION = 1.0;
				PRODUCT_BUNDLE_IDENTIFIER = cn.rickytan.XPaste.XSortExtension;
				PRODUCT_NAME = XSort;
				SKIP_INSTALL = YES;
			};
			name = Debug;
		};
		9CFB592627C8D92F00B28881 /* Release */ = {
			isa = XCBuildConfiguration;
			buildSettings = {
				CLANG_WARN_QUOTED_INCLUDE_IN_FRAMEWORK_HEADER = YES;
				CODE_SIGN_ENTITLEMENTS = XSortExtension/XSortExtension.entitlements;
				CODE_SIGN_STYLE = Automatic;
				COMBINE_HIDPI_IMAGES = YES;
				CURRENT_PROJECT_VERSION = 1;
				DEVELOPMENT_TEAM = 36X754M3QH;
				INFOPLIST_FILE = XSortExtension/Info.plist;
				INFOPLIST_KEY_CFBundleDisplayName = XSort;
				INFOPLIST_KEY_NSHumanReadableCopyright = "Copyright © 2022 XcoderTips. All rights reserved.";
				LD_RUNPATH_SEARCH_PATHS = (
					"$(inherited)",
					"@executable_path/../Frameworks",
					"@executable_path/../../../../Frameworks",
				);
				MARKETING_VERSION = 1.0;
				PRODUCT_BUNDLE_IDENTIFIER = cn.rickytan.XPaste.XSortExtension;
				PRODUCT_NAME = XSort;
				SKIP_INSTALL = YES;
			};
			name = Release;
		};
/* End XCBuildConfiguration section */

/* Begin XCConfigurationList section */
		9C329D60216B74FF0016C867 /* Build configuration list for PBXProject "XPaste" */ = {
			isa = XCConfigurationList;
			buildConfigurations = (
				9C329D77216B75000016C867 /* Debug */,
				9C329D78216B75000016C867 /* Release */,
			);
			defaultConfigurationIsVisible = 0;
			defaultConfigurationName = Release;
		};
		9C329D79216B75000016C867 /* Build configuration list for PBXNativeTarget "XPaste" */ = {
			isa = XCConfigurationList;
			buildConfigurations = (
				9C329D7A216B75000016C867 /* Debug */,
				9C329D7B216B75000016C867 /* Release */,
			);
			defaultConfigurationIsVisible = 0;
			defaultConfigurationName = Release;
		};
		9C329D90216B752C0016C867 /* Build configuration list for PBXNativeTarget "XPasteExtension" */ = {
			isa = XCConfigurationList;
			buildConfigurations = (
				9C329D91216B752C0016C867 /* Debug */,
				9C329D92216B752C0016C867 /* Release */,
			);
			defaultConfigurationIsVisible = 0;
			defaultConfigurationName = Release;
		};
		9CFB592727C8D92F00B28881 /* Build configuration list for PBXNativeTarget "XSortExtension" */ = {
			isa = XCConfigurationList;
			buildConfigurations = (
				9CFB592527C8D92F00B28881 /* Debug */,
				9CFB592627C8D92F00B28881 /* Release */,
			);
			defaultConfigurationIsVisible = 0;
			defaultConfigurationName = Release;
		};
/* End XCConfigurationList section */
	};
	rootObject = 9C329D5D216B74FF0016C867 /* Project object */;
}
