// !$*UTF8*$!
{
	archiveVersion = 1;
	classes = {
	};
	objectVersion = 50;
	objects = {

/* Begin PBXBuildFile section */
		9C0B0BBF216C79FC001650F9 /* XcodeKit.framework in Frameworks */ = {isa = PBXBuildFile; fileRef = 9C0B0BBE216C79FC001650F9 /* XcodeKit.framework */; };
		9C0B0BC1216C7A11001650F9 /* Foundation.framework in Frameworks */ = {isa = PBXBuildFile; fileRef = 9C0B0BC0216C7A11001650F9 /* Foundation.framework */; };
		9C329D6A216B74FF0016C867 /* AppDelegate.m in Sources */ = {isa = PBXBuildFile; fileRef = 9C329D69216B74FF0016C867 /* AppDelegate.m */; };
		9C329D6D216B74FF0016C867 /* ViewController.m in Sources */ = {isa = PBXBuildFile; fileRef = 9C329D6C216B74FF0016C867 /* ViewController.m */; };
		9C329D6F216B75000016C867 /* Assets.xcassets in Resources */ = {isa = PBXBuildFile; fileRef = 9C329D6E216B75000016C867 /* Assets.xcassets */; };
		9C329D72216B75000016C867 /* Main.storyboard in Resources */ = {isa = PBXBuildFile; fileRef = 9C329D70216B75000016C867 /* Main.storyboard */; };
		9C329D75216B75000016C867 /* main.m in Sources */ = {isa = PBXBuildFile; fileRef = 9C329D74216B75000016C867 /* main.m */; };
		9C329D83216B752C0016C867 /* Cocoa.framework in Frameworks */ = {isa = PBXBuildFile; fileRef = 9C329D82216B752C0016C867 /* Cocoa.framework */; };
		9C329D87216B752C0016C867 /* SourceEditorExtension.m in Sources */ = {isa = PBXBuildFile; fileRef = 9C329D86216B752C0016C867 /* SourceEditorExtension.m */; };
		9C329D8F216B752C0016C867 /* XPaste.appex in Embed App Extensions */ = {isa = PBXBuildFile; fileRef = 9C329D80216B752C0016C867 /* XPaste.appex */; settings = {ATTRIBUTES = (RemoveHeadersOnCopy, ); }; };
		9C329D96216B76650016C867 /* RTBase64Command.m in Sources */ = {isa = PBXBuildFile; fileRef = 9C329D95216B76650016C867 /* RTBase64Command.m */; };
		9C7C2D7321885901003B2E4C /* RTUrlEncodedCommand.m in Sources */ = {isa = PBXBuildFile; fileRef = 9C7C2D7221885900003B2E4C /* RTUrlEncodedCommand.m */; };
		9CE0C357216C89CB00548233 /* RTUtilities.m in Sources */ = {isa = PBXBuildFile; fileRef = 9CE0C356216C89CB00548233 /* RTUtilities.m */; };
		9CE0C360216CBCC100548233 /* RTBaseCommand.m in Sources */ = {isa = PBXBuildFile; fileRef = 9CE0C35F216CBCC100548233 /* RTBaseCommand.m */; };
		9CE0C363216CC27B00548233 /* RTStringCommand.m in Sources */ = {isa = PBXBuildFile; fileRef = 9CE0C362216CC27B00548233 /* RTStringCommand.m */; };
		9CE0C366216CC99700548233 /* RTUnicodeCommand.m in Sources */ = {isa = PBXBuildFile; fileRef = 9CE0C365216CC99700548233 /* RTUnicodeCommand.m */; };
		9CE0C368216D9D5300548233 /* Preference.scpt in Resources */ = {isa = PBXBuildFile; fileRef = 9CE0C367216D9D5300548233 /* Preference.scpt */; };
/* End PBXBuildFile section */

/* Begin PBXContainerItemProxy section */
		9C329D8D216B752C0016C867 /* PBXContainerItemProxy */ = {
			isa = PBXContainerItemProxy;
			containerPortal = 9C329D5D216B74FF0016C867 /* Project object */;
			proxyType = 1;
			remoteGlobalIDString = 9C329D7F216B752C0016C867;
			remoteInfo = XPasteExtension;
		};
/* End PBXContainerItemProxy section */

/* Begin PBXCopyFilesBuildPhase section */
		9C329D93216B752C0016C867 /* Embed App Extensions */ = {
			isa = PBXCopyFilesBuildPhase;
			buildActionMask = 2147483647;
			dstPath = "";
			dstSubfolderSpec = 13;
			files = (
				9C329D8F216B752C0016C867 /* XPaste.appex in Embed App Extensions */,
			);
			name = "Embed App Extensions";
			runOnlyForDeploymentPostprocessing = 0;
		};
/* End PBXCopyFilesBuildPhase section */

/* Begin PBXFileReference section */
		9C0B0BBE216C79FC001650F9 /* XcodeKit.framework */ = {isa = PBXFileReference; lastKnownFileType = wrapper.framework; name = XcodeKit.framework; path = Library/Frameworks/XcodeKit.framework; sourceTree = DEVELOPER_DIR; };
		9C0B0BC0216C7A11001650F9 /* Foundation.framework */ = {isa = PBXFileReference; lastKnownFileType = wrapper.framework; name = Foundation.framework; path = System/Library/Frameworks/Foundation.framework; sourceTree = SDKROOT; };
		9C329D65216B74FF0016C867 /* XPaste.app */ = {isa = PBXFileReference; explicitFileType = wrapper.application; includeInIndex = 0; path = XPaste.app; sourceTree = BUILT_PRODUCTS_DIR; };
		9C329D68216B74FF0016C867 /* AppDelegate.h */ = {isa = PBXFileReference; lastKnownFileType = sourcecode.c.h; path = AppDelegate.h; sourceTree = "<group>"; };
		9C329D69216B74FF0016C867 /* AppDelegate.m */ = {isa = PBXFileReference; lastKnownFileType = sourcecode.c.objc; path = AppDelegate.m; sourceTree = "<group>"; };
		9C329D6B216B74FF0016C867 /* ViewController.h */ = {isa = PBXFileReference; lastKnownFileType = sourcecode.c.h; path = ViewController.h; sourceTree = "<group>"; };
		9C329D6C216B74FF0016C867 /* ViewController.m */ = {isa = PBXFileReference; lastKnownFileType = sourcecode.c.objc; path = ViewController.m; sourceTree = "<group>"; };
		9C329D6E216B75000016C867 /* Assets.xcassets */ = {isa = PBXFileReference; lastKnownFileType = folder.assetcatalog; path = Assets.xcassets; sourceTree = "<group>"; };
		9C329D71216B75000016C867 /* Base */ = {isa = PBXFileReference; lastKnownFileType = file.storyboard; name = Base; path = Base.lproj/Main.storyboard; sourceTree = "<group>"; };
		9C329D73216B75000016C867 /* Info.plist */ = {isa = PBXFileReference; lastKnownFileType = text.plist.xml; path = Info.plist; sourceTree = "<group>"; };
		9C329D74216B75000016C867 /* main.m */ = {isa = PBXFileReference; lastKnownFileType = sourcecode.c.objc; path = main.m; sourceTree = "<group>"; };
		9C329D76216B75000016C867 /* XPaste.entitlements */ = {isa = PBXFileReference; lastKnownFileType = text.plist.entitlements; path = XPaste.entitlements; sourceTree = "<group>"; };
		9C329D80216B752C0016C867 /* XPaste.appex */ = {isa = PBXFileReference; explicitFileType = "wrapper.app-extension"; includeInIndex = 0; path = XPaste.appex; sourceTree = BUILT_PRODUCTS_DIR; };
		9C329D82216B752C0016C867 /* Cocoa.framework */ = {isa = PBXFileReference; lastKnownFileType = wrapper.framework; name = Cocoa.framework; path = System/Library/Frameworks/Cocoa.framework; sourceTree = SDKROOT; };
		9C329D85216B752C0016C867 /* SourceEditorExtension.h */ = {isa = PBXFileReference; lastKnownFileType = sourcecode.c.h; path = SourceEditorExtension.h; sourceTree = "<group>"; };
		9C329D86216B752C0016C867 /* SourceEditorExtension.m */ = {isa = PBXFileReference; lastKnownFileType = sourcecode.c.objc; path = SourceEditorExtension.m; sourceTree = "<group>"; };
		9C329D8B216B752C0016C867 /* Info.plist */ = {isa = PBXFileReference; lastKnownFileType = text.plist.xml; path = Info.plist; sourceTree = "<group>"; };
		9C329D8C216B752C0016C867 /* XPasteExtension.entitlements */ = {isa = PBXFileReference; lastKnownFileType = text.plist.entitlements; path = XPasteExtension.entitlements; sourceTree = "<group>"; };
		9C329D94216B76650016C867 /* RTBase64Command.h */ = {isa = PBXFileReference; lastKnownFileType = sourcecode.c.h; path = RTBase64Command.h; sourceTree = "<group>"; };
		9C329D95216B76650016C867 /* RTBase64Command.m */ = {isa = PBXFileReference; lastKnownFileType = sourcecode.c.objc; path = RTBase64Command.m; sourceTree = "<group>"; };
		9C7C2D7121885900003B2E4C /* RTUrlEncodedCommand.h */ = {isa = PBXFileReference; lastKnownFileType = sourcecode.c.h; path = RTUrlEncodedCommand.h; sourceTree = "<group>"; };
		9C7C2D7221885900003B2E4C /* RTUrlEncodedCommand.m */ = {isa = PBXFileReference; lastKnownFileType = sourcecode.c.objc; path = RTUrlEncodedCommand.m; sourceTree = "<group>"; };
		9CE0C355216C89CB00548233 /* RTUtilities.h */ = {isa = PBXFileReference; lastKnownFileType = sourcecode.c.h; path = RTUtilities.h; sourceTree = "<group>"; };
		9CE0C356216C89CB00548233 /* RTUtilities.m */ = {isa = PBXFileReference; lastKnownFileType = sourcecode.c.objc; path = RTUtilities.m; sourceTree = "<group>"; };
		9CE0C35E216CBCC100548233 /* RTBaseCommand.h */ = {isa = PBXFileReference; lastKnownFileType = sourcecode.c.h; path = RTBaseCommand.h; sourceTree = "<group>"; };
		9CE0C35F216CBCC100548233 /* RTBaseCommand.m */ = {isa = PBXFileReference; lastKnownFileType = sourcecode.c.objc; path = RTBaseCommand.m; sourceTree = "<group>"; };
		9CE0C361216CC27B00548233 /* RTStringCommand.h */ = {isa = PBXFileReference; lastKnownFileType = sourcecode.c.h; path = RTStringCommand.h; sourceTree = "<group>"; };
		9CE0C362216CC27B00548233 /* RTStringCommand.m */ = {isa = PBXFileReference; lastKnownFileType = sourcecode.c.objc; path = RTStringCommand.m; sourceTree = "<group>"; };
		9CE0C364216CC99700548233 /* RTUnicodeCommand.h */ = {isa = PBXFileReference; lastKnownFileType = sourcecode.c.h; path = RTUnicodeCommand.h; sourceTree = "<group>"; };
		9CE0C365216CC99700548233 /* RTUnicodeCommand.m */ = {isa = PBXFileReference; lastKnownFileType = sourcecode.c.objc; path = RTUnicodeCommand.m; sourceTree = "<group>"; };
		9CE0C367216D9D5300548233 /* Preference.scpt */ = {isa = PBXFileReference; lastKnownFileType = text; path = Preference.scpt; sourceTree = "<group>"; };
/* End PBXFileReference section */

/* Begin PBXFrameworksBuildPhase section */
		9C329D62216B74FF0016C867 /* Frameworks */ = {
			isa = PBXFrameworksBuildPhase;
			buildActionMask = 2147483647;
			files = (
			);
			runOnlyForDeploymentPostprocessing = 0;
		};
		9C329D7D216B752C0016C867 /* Frameworks */ = {
			isa = PBXFrameworksBuildPhase;
			buildActionMask = 2147483647;
			files = (
				9C0B0BC1216C7A11001650F9 /* Foundation.framework in Frameworks */,
				9C0B0BBF216C79FC001650F9 /* XcodeKit.framework in Frameworks */,
				9C329D83216B752C0016C867 /* Cocoa.framework in Frameworks */,
			);
			runOnlyForDeploymentPostprocessing = 0;
		};
/* End PBXFrameworksBuildPhase section */

/* Begin PBXGroup section */
		9C329D5C216B74FF0016C867 = {
			isa = PBXGroup;
			children = (
				9C329D67216B74FF0016C867 /* XPaste */,
				9C329D84216B752C0016C867 /* XPasteExtension */,
				9C329D81216B752C0016C867 /* Frameworks */,
				9C329D66216B74FF0016C867 /* Products */,
			);
			sourceTree = "<group>";
		};
		9C329D66216B74FF0016C867 /* Products */ = {
			isa = PBXGroup;
			children = (
				9C329D65216B74FF0016C867 /* XPaste.app */,
				9C329D80216B752C0016C867 /* XPaste.appex */,
			);
			name = Products;
			sourceTree = "<group>";
		};
		9C329D67216B74FF0016C867 /* XPaste */ = {
			isa = PBXGroup;
			children = (
				9C329D68216B74FF0016C867 /* AppDelegate.h */,
				9C329D69216B74FF0016C867 /* AppDelegate.m */,
				9C329D6E216B75000016C867 /* Assets.xcassets */,
				9C329D73216B75000016C867 /* Info.plist */,
				9C329D74216B75000016C867 /* main.m */,
				9C329D70216B75000016C867 /* Main.storyboard */,
				9CE0C367216D9D5300548233 /* Preference.scpt */,
				9C329D6B216B74FF0016C867 /* ViewController.h */,
				9C329D6C216B74FF0016C867 /* ViewController.m */,
				9C329D76216B75000016C867 /* XPaste.entitlements */,
			);
			path = XPaste;
			sourceTree = "<group>";
		};
		9C329D81216B752C0016C867 /* Frameworks */ = {
			isa = PBXGroup;
			children = (
				9C0B0BC0216C7A11001650F9 /* Foundation.framework */,
				9C0B0BBE216C79FC001650F9 /* XcodeKit.framework */,
				9C329D82216B752C0016C867 /* Cocoa.framework */,
			);
			name = Frameworks;
			sourceTree = "<group>";
		};
		9C329D84216B752C0016C867 /* XPasteExtension */ = {
			isa = PBXGroup;
			children = (
				9C329D8B216B752C0016C867 /* Info.plist */,
				9C329D94216B76650016C867 /* RTBase64Command.h */,
				9C329D95216B76650016C867 /* RTBase64Command.m */,
				9CE0C35E216CBCC100548233 /* RTBaseCommand.h */,
				9CE0C35F216CBCC100548233 /* RTBaseCommand.m */,
				9CE0C361216CC27B00548233 /* RTStringCommand.h */,
				9CE0C362216CC27B00548233 /* RTStringCommand.m */,
				9CE0C364216CC99700548233 /* RTUnicodeCommand.h */,
				9CE0C365216CC99700548233 /* RTUnicodeCommand.m */,
				9C7C2D7121885900003B2E4C /* RTUrlEncodedCommand.h */,
				9C7C2D7221885900003B2E4C /* RTUrlEncodedCommand.m */,
				9CE0C355216C89CB00548233 /* RTUtilities.h */,
				9CE0C356216C89CB00548233 /* RTUtilities.m */,
				9C329D85216B752C0016C867 /* SourceEditorExtension.h */,
				9C329D86216B752C0016C867 /* SourceEditorExtension.m */,
				9C329D8C216B752C0016C867 /* XPasteExtension.entitlements */,
			);
			path = XPasteExtension;
			sourceTree = "<group>";
		};
/* End PBXGroup section */

/* Begin PBXNativeTarget section */
		9C329D64216B74FF0016C867 /* XPaste */ = {
			isa = PBXNativeTarget;
			buildConfigurationList = 9C329D79216B75000016C867 /* Build configuration list for PBXNativeTarget "XPaste" */;
			buildPhases = (
				9C329D61216B74FF0016C867 /* Sources */,
				9C329D62216B74FF0016C867 /* Frameworks */,
				9C329D63216B74FF0016C867 /* Resources */,
				9C329D93216B752C0016C867 /* Embed App Extensions */,
			);
			buildRules = (
			);
			dependencies = (
				9C329D8E216B752C0016C867 /* PBXTargetDependency */,
			);
			name = XPaste;
			productName = XPaste;
			productReference = 9C329D65216B74FF0016C867 /* XPaste.app */;
			productType = "com.apple.product-type.application";
		};
		9C329D7F216B752C0016C867 /* XPasteExtension */ = {
			isa = PBXNativeTarget;
			buildConfigurationList = 9C329D90216B752C0016C867 /* Build configuration list for PBXNativeTarget "XPasteExtension" */;
			buildPhases = (
				9C329D7C216B752C0016C867 /* Sources */,
				9C329D7D216B752C0016C867 /* Frameworks */,
				9C329D7E216B752C0016C867 /* Resources */,
			);
			buildRules = (
			);
			dependencies = (
			);
			name = XPasteExtension;
			productName = XPasteExtension;
			productReference = 9C329D80216B752C0016C867 /* XPaste.appex */;
			productType = "com.apple.product-type.xcode-extension";
		};
/* End PBXNativeTarget section */

/* Begin PBXProject section */
		9C329D5D216B74FF0016C867 /* Project object */ = {
			isa = PBXProject;
			attributes = {
				CLASSPREFIX = RT;
				LastUpgradeCheck = 1000;
				ORGANIZATIONNAME = XcoderTips;
				TargetAttributes = {
					9C329D64216B74FF0016C867 = {
						CreatedOnToolsVersion = 10.0;
						SystemCapabilities = {
							com.apple.ApplicationGroups.Mac = {
								enabled = 1;
							};
							com.apple.Sandbox = {
								enabled = 0;
							};
						};
					};
					9C329D7F216B752C0016C867 = {
						CreatedOnToolsVersion = 10.0;
						SystemCapabilities = {
							com.apple.ApplicationGroups.Mac = {
								enabled = 1;
							};
							com.apple.Sandbox = {
								enabled = 1;
							};
						};
					};
				};
			};
			buildConfigurationList = 9C329D60216B74FF0016C867 /* Build configuration list for PBXProject "XPaste" */;
			compatibilityVersion = "Xcode 9.3";
			developmentRegion = en;
			hasScannedForEncodings = 0;
			knownRegions = (
				en,
				Base,
			);
			mainGroup = 9C329D5C216B74FF0016C867;
			productRefGroup = 9C329D66216B74FF0016C867 /* Products */;
			projectDirPath = "";
			projectRoot = "";
			targets = (
				9C329D64216B74FF0016C867 /* XPaste */,
				9C329D7F216B752C0016C867 /* XPasteExtension */,
			);
		};
/* End PBXProject section */

/* Begin PBXResourcesBuildPhase section */
		9C329D63216B74FF0016C867 /* Resources */ = {
			isa = PBXResourcesBuildPhase;
			buildActionMask = 2147483647;
			files = (
				9C329D6F216B75000016C867 /* Assets.xcassets in Resources */,
				9CE0C368216D9D5300548233 /* Preference.scpt in Resources */,
				9C329D72216B75000016C867 /* Main.storyboard in Resources */,
			);
			runOnlyForDeploymentPostprocessing = 0;
		};
		9C329D7E216B752C0016C867 /* Resources */ = {
			isa = PBXResourcesBuildPhase;
			buildActionMask = 2147483647;
			files = (
			);
			runOnlyForDeploymentPostprocessing = 0;
		};
/* End PBXResourcesBuildPhase section */

/* Begin PBXSourcesBuildPhase section */
		9C329D61216B74FF0016C867 /* Sources */ = {
			isa = PBXSourcesBuildPhase;
			buildActionMask = 2147483647;
			files = (
				9C329D6D216B74FF0016C867 /* ViewController.m in Sources */,
				9C329D75216B75000016C867 /* main.m in Sources */,
				9C329D6A216B74FF0016C867 /* AppDelegate.m in Sources */,
			);
			runOnlyForDeploymentPostprocessing = 0;
		};
		9C329D7C216B752C0016C867 /* Sources */ = {
			isa = PBXSourcesBuildPhase;
			buildActionMask = 2147483647;
			files = (
				9C329D87216B752C0016C867 /* SourceEditorExtension.m in Sources */,
				9C329D96216B76650016C867 /* RTBase64Command.m in Sources */,
				9CE0C363216CC27B00548233 /* RTStringCommand.m in Sources */,
				9CE0C360216CBCC100548233 /* RTBaseCommand.m in Sources */,
				9CE0C357216C89CB00548233 /* RTUtilities.m in Sources */,
				9C7C2D7321885901003B2E4C /* RTUrlEncodedCommand.m in Sources */,
				9CE0C366216CC99700548233 /* RTUnicodeCommand.m in Sources */,
			);
			runOnlyForDeploymentPostprocessing = 0;
		};
/* End PBXSourcesBuildPhase section */

/* Begin PBXTargetDependency section */
		9C329D8E216B752C0016C867 /* PBXTargetDependency */ = {
			isa = PBXTargetDependency;
			target = 9C329D7F216B752C0016C867 /* XPasteExtension */;
			targetProxy = 9C329D8D216B752C0016C867 /* PBXContainerItemProxy */;
		};
/* End PBXTargetDependency section */

/* Begin PBXVariantGroup section */
		9C329D70216B75000016C867 /* Main.storyboard */ = {
			isa = PBXVariantGroup;
			children = (
				9C329D71216B75000016C867 /* Base */,
			);
			name = Main.storyboard;
			sourceTree = "<group>";
		};
/* End PBXVariantGroup section */

/* Begin XCBuildConfiguration section */
		9C329D77216B75000016C867 /* Debug */ = {
			isa = XCBuildConfiguration;
			buildSettings = {
				ALWAYS_SEARCH_USER_PATHS = NO;
				CLANG_ANALYZER_NONNULL = YES;
				CLANG_ANALYZER_NUMBER_OBJECT_CONVERSION = YES_AGGRESSIVE;
				CLANG_CXX_LANGUAGE_STANDARD = "gnu++14";
				CLANG_CXX_LIBRARY = "libc++";
				CLANG_ENABLE_MODULES = YES;
				CLANG_ENABLE_OBJC_ARC = YES;
				CLANG_ENABLE_OBJC_WEAK = YES;
				CLANG_WARN_BLOCK_CAPTURE_AUTORELEASING = YES;
				CLANG_WARN_BOOL_CONVERSION = YES;
				CLANG_WARN_COMMA = YES;
				CLANG_WARN_CONSTANT_CONVERSION = YES;
				CLANG_WARN_DEPRECATED_OBJC_IMPLEMENTATIONS = YES;
				CLANG_WARN_DIRECT_OBJC_ISA_USAGE = YES_ERROR;
				CLANG_WARN_DOCUMENTATION_COMMENTS = YES;
				CLANG_WARN_EMPTY_BODY = YES;
				CLANG_WARN_ENUM_CONVERSION = YES;
				CLANG_WARN_INFINITE_RECURSION = YES;
				CLANG_WARN_INT_CONVERSION = YES;
				CLANG_WARN_NON_LITERAL_NULL_CONVERSION = YES;
				CLANG_WARN_OBJC_IMPLICIT_RETAIN_SELF = YES;
				CLANG_WARN_OBJC_LITERAL_CONVERSION = YES;
				CLANG_WARN_OBJC_ROOT_CLASS = YES_ERROR;
				CLANG_WARN_RANGE_LOOP_ANALYSIS = YES;
				CLANG_WARN_STRICT_PROTOTYPES = YES;
				CLANG_WARN_SUSPICIOUS_MOVE = YES;
				CLANG_WARN_UNGUARDED_AVAILABILITY = YES_AGGRESSIVE;
				CLANG_WARN_UNREACHABLE_CODE = YES;
				CLANG_WARN__DUPLICATE_METHOD_MATCH = YES;
				CODE_SIGN_IDENTITY = "Mac Developer";
				COPY_PHASE_STRIP = NO;
				DEBUG_INFORMATION_FORMAT = dwarf;
				ENABLE_STRICT_OBJC_MSGSEND = YES;
				ENABLE_TESTABILITY = YES;
				GCC_C_LANGUAGE_STANDARD = gnu11;
				GCC_DYNAMIC_NO_PIC = NO;
				GCC_NO_COMMON_BLOCKS = YES;
				GCC_OPTIMIZATION_LEVEL = 0;
				GCC_PREPROCESSOR_DEFINITIONS = (
					"DEBUG=1",
					"$(inherited)",
				);
				GCC_WARN_64_TO_32_BIT_CONVERSION = YES;
				GCC_WARN_ABOUT_RETURN_TYPE = YES_ERROR;
				GCC_WARN_UNDECLARED_SELECTOR = YES;
				GCC_WARN_UNINITIALIZED_AUTOS = YES_AGGRESSIVE;
				GCC_WARN_UNUSED_FUNCTION = YES;
				GCC_WARN_UNUSED_VARIABLE = YES;
				MACOSX_DEPLOYMENT_TARGET = 10.13;
				MTL_ENABLE_DEBUG_INFO = INCLUDE_SOURCE;
				MTL_FAST_MATH = YES;
				ONLY_ACTIVE_ARCH = YES;
				SDKROOT = macosx;
			};
			name = Debug;
		};
		9C329D78216B75000016C867 /* Release */ = {
			isa = XCBuildConfiguration;
			buildSettings = {
				ALWAYS_SEARCH_USER_PATHS = NO;
				CLANG_ANALYZER_NONNULL = YES;
				CLANG_ANALYZER_NUMBER_OBJECT_CONVERSION = YES_AGGRESSIVE;
				CLANG_CXX_LANGUAGE_STANDARD = "gnu++14";
				CLANG_CXX_LIBRARY = "libc++";
				CLANG_ENABLE_MODULES = YES;
				CLANG_ENABLE_OBJC_ARC = YES;
				CLANG_ENABLE_OBJC_WEAK = YES;
				CLANG_WARN_BLOCK_CAPTURE_AUTORELEASING = YES;
				CLANG_WARN_BOOL_CONVERSION = YES;
				CLANG_WARN_COMMA = YES;
				CLANG_WARN_CONSTANT_CONVERSION = YES;
				CLANG_WARN_DEPRECATED_OBJC_IMPLEMENTATIONS = YES;
				CLANG_WARN_DIRECT_OBJC_ISA_USAGE = YES_ERROR;
				CLANG_WARN_DOCUMENTATION_COMMENTS = YES;
				CLANG_WARN_EMPTY_BODY = YES;
				CLANG_WARN_ENUM_CONVERSION = YES;
				CLANG_WARN_INFINITE_RECURSION = YES;
				CLANG_WARN_INT_CONVERSION = YES;
				CLANG_WARN_NON_LITERAL_NULL_CONVERSION = YES;
				CLANG_WARN_OBJC_IMPLICIT_RETAIN_SELF = YES;
				CLANG_WARN_OBJC_LITERAL_CONVERSION = YES;
				CLANG_WARN_OBJC_ROOT_CLASS = YES_ERROR;
				CLANG_WARN_RANGE_LOOP_ANALYSIS = YES;
				CLANG_WARN_STRICT_PROTOTYPES = YES;
				CLANG_WARN_SUSPICIOUS_MOVE = YES;
				CLANG_WARN_UNGUARDED_AVAILABILITY = YES_AGGRESSIVE;
				CLANG_WARN_UNREACHABLE_CODE = YES;
				CLANG_WARN__DUPLICATE_METHOD_MATCH = YES;
				CODE_SIGN_IDENTITY = "Mac Developer";
				COPY_PHASE_STRIP = NO;
				DEBUG_INFORMATION_FORMAT = "dwarf-with-dsym";
				ENABLE_NS_ASSERTIONS = NO;
				ENABLE_STRICT_OBJC_MSGSEND = YES;
				GCC_C_LANGUAGE_STANDARD = gnu11;
				GCC_NO_COMMON_BLOCKS = YES;
				GCC_WARN_64_TO_32_BIT_CONVERSION = YES;
				GCC_WARN_ABOUT_RETURN_TYPE = YES_ERROR;
				GCC_WARN_UNDECLARED_SELECTOR = YES;
				GCC_WARN_UNINITIALIZED_AUTOS = YES_AGGRESSIVE;
				GCC_WARN_UNUSED_FUNCTION = YES;
				GCC_WARN_UNUSED_VARIABLE = YES;
				MACOSX_DEPLOYMENT_TARGET = 10.13;
				MTL_ENABLE_DEBUG_INFO = NO;
				MTL_FAST_MATH = YES;
				SDKROOT = macosx;
			};
			name = Release;
		};
		9C329D7A216B75000016C867 /* Debug */ = {
			isa = XCBuildConfiguration;
			buildSettings = {
				ASSETCATALOG_COMPILER_APPICON_NAME = AppIcon;
				CODE_SIGN_ENTITLEMENTS = XPaste/XPaste.entitlements;
				CODE_SIGN_STYLE = Automatic;
				COMBINE_HIDPI_IMAGES = YES;
				DEVELOPMENT_TEAM = JRKXNW9FRX;
				INFOPLIST_FILE = XPaste/Info.plist;
				LD_RUNPATH_SEARCH_PATHS = (
					"$(inherited)",
					"@executable_path/../Frameworks",
				);
				PRODUCT_BUNDLE_IDENTIFIER = cn.rickytan.XPaste;
				PRODUCT_NAME = "$(TARGET_NAME)";
			};
			name = Debug;
		};
		9C329D7B216B75000016C867 /* Release */ = {
			isa = XCBuildConfiguration;
			buildSettings = {
				ASSETCATALOG_COMPILER_APPICON_NAME = AppIcon;
				CODE_SIGN_ENTITLEMENTS = XPaste/XPaste.entitlements;
				CODE_SIGN_STYLE = Automatic;
				COMBINE_HIDPI_IMAGES = YES;
				DEVELOPMENT_TEAM = JRKXNW9FRX;
				INFOPLIST_FILE = XPaste/Info.plist;
				LD_RUNPATH_SEARCH_PATHS = (
					"$(inherited)",
					"@executable_path/../Frameworks",
				);
				PRODUCT_BUNDLE_IDENTIFIER = cn.rickytan.XPaste;
				PRODUCT_NAME = "$(TARGET_NAME)";
			};
			name = Release;
		};
		9C329D91216B752C0016C867 /* Debug */ = {
			isa = XCBuildConfiguration;
			buildSettings = {
				CODE_SIGN_ENTITLEMENTS = XPasteExtension/XPasteExtension.entitlements;
				CODE_SIGN_STYLE = Automatic;
				COMBINE_HIDPI_IMAGES = YES;
				DEVELOPMENT_TEAM = JRKXNW9FRX;
				INFOPLIST_FILE = XPasteExtension/Info.plist;
				LD_RUNPATH_SEARCH_PATHS = (
					"$(inherited)",
					"@executable_path/../Frameworks",
					"@executable_path/../../../../Frameworks",
				);
				OTHER_LDFLAGS = (
					"-ObjC",
					"-all_load",
				);
				PRODUCT_BUNDLE_IDENTIFIER = cn.rickytan.XPaste.XPasteExtension;
				PRODUCT_NAME = XPaste;
				SKIP_INSTALL = YES;
			};
			name = Debug;
		};
		9C329D92216B752C0016C867 /* Release */ = {
			isa = XCBuildConfiguration;
			buildSettings = {
				CODE_SIGN_ENTITLEMENTS = XPasteExtension/XPasteExtension.entitlements;
				CODE_SIGN_STYLE = Automatic;
				COMBINE_HIDPI_IMAGES = YES;
				DEVELOPMENT_TEAM = JRKXNW9FRX;
				INFOPLIST_FILE = XPasteExtension/Info.plist;
				LD_RUNPATH_SEARCH_PATHS = (
					"$(inherited)",
					"@executable_path/../Frameworks",
					"@executable_path/../../../../Frameworks",
				);
				OTHER_LDFLAGS = (
					"-ObjC",
					"-all_load",
				);
				PRODUCT_BUNDLE_IDENTIFIER = cn.rickytan.XPaste.XPasteExtension;
				PRODUCT_NAME = XPaste;
				SKIP_INSTALL = YES;
			};
			name = Release;
		};
/* End XCBuildConfiguration section */

/* Begin XCConfigurationList section */
		9C329D60216B74FF0016C867 /* Build configuration list for PBXProject "XPaste" */ = {
			isa = XCConfigurationList;
			buildConfigurations = (
				9C329D77216B75000016C867 /* Debug */,
				9C329D78216B75000016C867 /* Release */,
			);
			defaultConfigurationIsVisible = 0;
			defaultConfigurationName = Release;
		};
		9C329D79216B75000016C867 /* Build configuration list for PBXNativeTarget "XPaste" */ = {
			isa = XCConfigurationList;
			buildConfigurations = (
				9C329D7A216B75000016C867 /* Debug */,
				9C329D7B216B75000016C867 /* Release */,
			);
			defaultConfigurationIsVisible = 0;
			defaultConfigurationName = Release;
		};
		9C329D90216B752C0016C867 /* Build configuration list for PBXNativeTarget "XPasteExtension" */ = {
			isa = XCConfigurationList;
			buildConfigurations = (
				9C329D91216B752C0016C867 /* Debug */,
				9C329D92216B752C0016C867 /* Release */,
			);
			defaultConfigurationIsVisible = 0;
			defaultConfigurationName = Release;
		};
/* End XCConfigurationList section */
	};
	rootObject = 9C329D5D216B74FF0016C867 /* Project object */;
}
